github.com/google/flatbuffers v25.12.19+incompatible h1:haMV2JRRJCe1998HeW/p0X9UaMTK6SDo0ffLn2+DbLs=
github.com/google/flatbuffers v25.12.19+incompatible/go.mod h1:1AeVuKshWv4vARoZatz6mlQ0JxURH0Kv5+zNeJKJCa8=
github.com/zserge/microwakeword v0.0.0-20260330234603-bfaf3840114e h1:W7Rfr8nl15z15s6EMHGiuJjySfrgy2uJweO5Kk6mImo=
github.com/zserge/microwakeword v0.0.0-20260330234603-bfaf3840114e/go.mod h1:O7dsX2fwJHkPSXYjkoXLY6XH327YXyLdDfPWmb7OQW8=
